// !$*UTF8*$!
{
	archiveVersion = 1;
	classes = {
	};
	objectVersion = 46;
	objects = {

/* Begin PBXBuildFile section */
		C918BF0F1E48D5EE0073CE41 /* IntNode.cpp in Sources */ = {isa = PBXBuildFile; fileRef = C918BF0D1E48D5EE0073CE41 /* IntNode.cpp */; };
		C9DEADA21E4B726300948D3F /* IntNodeArray.cpp in Sources */ = {isa = PBXBuildFile; fileRef = C9DEADA01E4B726300948D3F /* IntNodeArray.cpp */; };
		C9DEADA41E4B7D3700948D3F /* Runner.cpp in Sources */ = {isa = PBXBuildFile; fileRef = C9DEADA31E4B7D3700948D3F /* Runner.cpp */; };
		C9DEADA71E4B7DD400948D3F /* StructureController.cpp in Sources */ = {isa = PBXBuildFile; fileRef = C9DEADA51E4B7DD400948D3F /* StructureController.cpp */; };
/* End PBXBuildFile section */

/* Begin PBXCopyFilesBuildPhase section */
		C918BF011E48D40B0073CE41 /* CopyFiles */ = {
			isa = PBXCopyFilesBuildPhase;
			buildActionMask = 2147483647;
			dstPath = /usr/share/man/man1/;
			dstSubfolderSpec = 0;
			files = (
			);
			runOnlyForDeploymentPostprocessing = 1;
		};
/* End PBXCopyFilesBuildPhase section */

/* Begin PBXFileReference section */
		C918BF031E48D40B0073CE41 /* MegaProject */ = {isa = PBXFileReference; explicitFileType = "compiled.mach-o.executable"; includeInIndex = 0; path = MegaProject; sourceTree = BUILT_PRODUCTS_DIR; };
		C918BF0D1E48D5EE0073CE41 /* IntNode.cpp */ = {isa = PBXFileReference; fileEncoding = 4; lastKnownFileType = sourcecode.cpp.cpp; name = IntNode.cpp; path = Model/IntNode.cpp; sourceTree = "<group>"; };
		C918BF0E1E48D5EE0073CE41 /* IntNode.hpp */ = {isa = PBXFileReference; fileEncoding = 4; lastKnownFileType = sourcecode.cpp.h; name = IntNode.hpp; path = Model/IntNode.hpp; sourceTree = "<group>"; };
		C9DEADA01E4B726300948D3F /* IntNodeArray.cpp */ = {isa = PBXFileReference; fileEncoding = 4; lastKnownFileType = sourcecode.cpp.cpp; path = IntNodeArray.cpp; sourceTree = "<group>"; };
		C9DEADA11E4B726300948D3F /* IntNodeArray.hpp */ = {isa = PBXFileReference; fileEncoding = 4; lastKnownFileType = sourcecode.cpp.h; path = IntNodeArray.hpp; sourceTree = "<group>"; };
		C9DEADA31E4B7D3700948D3F /* Runner.cpp */ = {isa = PBXFileReference; fileEncoding = 4; lastKnownFileType = sourcecode.cpp.cpp; path = Runner.cpp; sourceTree = "<group>"; };
		C9DEADA51E4B7DD400948D3F /* StructureController.cpp */ = {isa = PBXFileReference; fileEncoding = 4; lastKnownFileType = sourcecode.cpp.cpp; path = StructureController.cpp; sourceTree = "<group>"; };
		C9DEADA61E4B7DD400948D3F /* StructureController.hpp */ = {isa = PBXFileReference; fileEncoding = 4; lastKnownFileType = sourcecode.cpp.h; path = StructureController.hpp; sourceTree = "<group>"; };
/* End PBXFileReference section */

/* Begin PBXFrameworksBuildPhase section */
		C918BF001E48D40B0073CE41 /* Frameworks */ = {
			isa = PBXFrameworksBuildPhase;
			buildActionMask = 2147483647;
			files = (
			);
			runOnlyForDeploymentPostprocessing = 0;
		};
/* End PBXFrameworksBuildPhase section */

/* Begin PBXGroup section */
		C918BEFA1E48D40B0073CE41 = {
			isa = PBXGroup;
			children = (
				C918BF051E48D40B0073CE41 /* MegaProject */,
				C918BF041E48D40B0073CE41 /* Products */,
			);
			sourceTree = "<group>";
		};
		C918BF041E48D40B0073CE41 /* Products */ = {
			isa = PBXGroup;
			children = (
				C918BF031E48D40B0073CE41 /* MegaProject */,
			);
			name = Products;
			sourceTree = "<group>";
		};
		C918BF051E48D40B0073CE41 /* MegaProject */ = {
			isa = PBXGroup;
			children = (
				C918BF111E48D6320073CE41 /* Controller */,
				C918BF101E48D62D0073CE41 /* Model */,
			);
			path = MegaProject;
			sourceTree = "<group>";
		};
		C918BF101E48D62D0073CE41 /* Model */ = {
			isa = PBXGroup;
			children = (
				C918BF0D1E48D5EE0073CE41 /* IntNode.cpp */,
				C918BF0E1E48D5EE0073CE41 /* IntNode.hpp */,
				C9DEADA01E4B726300948D3F /* IntNodeArray.cpp */,
				C9DEADA11E4B726300948D3F /* IntNodeArray.hpp */,
			);
			name = Model;
			sourceTree = "<group>";
		};
		C918BF111E48D6320073CE41 /* Controller */ = {
			isa = PBXGroup;
			children = (
				C9DEADA31E4B7D3700948D3F /* Runner.cpp */,
				C9DEADA51E4B7DD400948D3F /* StructureController.cpp */,
				C9DEADA61E4B7DD400948D3F /* StructureController.hpp */,
			);
			name = Controller;
			sourceTree = "<group>";
		};
/* End PBXGroup section */

/* Begin PBXNativeTarget section */
		C918BF021E48D40B0073CE41 /* MegaProject */ = {
			isa = PBXNativeTarget;
			buildConfigurationList = C918BF0A1E48D40B0073CE41 /* Build configuration list for PBXNativeTarget "MegaProject" */;
			buildPhases = (
				C918BEFF1E48D40B0073CE41 /* Sources */,
				C918BF001E48D40B0073CE41 /* Frameworks */,
				C918BF011E48D40B0073CE41 /* CopyFiles */,
			);
			buildRules = (
			);
			dependencies = (
			);
			name = MegaProject;
			productName = MegaProject;
			productReference = C918BF031E48D40B0073CE41 /* MegaProject */;
			productType = "com.apple.product-type.tool";
		};
/* End PBXNativeTarget section */

/* Begin PBXProject section */
		C918BEFB1E48D40B0073CE41 /* Project object */ = {
			isa = PBXProject;
			attributes = {
				LastUpgradeCheck = 0810;
				ORGANIZATIONNAME = "Moffat, Braeden";
				TargetAttributes = {
					C918BF021E48D40B0073CE41 = {
						CreatedOnToolsVersion = 8.1;
						ProvisioningStyle = Automatic;
					};
				};
			};
			buildConfigurationList = C918BEFE1E48D40B0073CE41 /* Build configuration list for PBXProject "MegaProject" */;
			compatibilityVersion = "Xcode 3.2";
			developmentRegion = English;
			hasScannedForEncodings = 0;
			knownRegions = (
				en,
			);
			mainGroup = C918BEFA1E48D40B0073CE41;
			productRefGroup = C918BF041E48D40B0073CE41 /* Products */;
			projectDirPath = "";
			projectRoot = "";
			targets = (
				C918BF021E48D40B0073CE41 /* MegaProject */,
			);
		};
/* End PBXProject section */

/* Begin PBXSourcesBuildPhase section */
		C918BEFF1E48D40B0073CE41 /* Sources */ = {
			isa = PBXSourcesBuildPhase;
			buildActionMask = 2147483647;
			files = (
				C9DEADA41E4B7D3700948D3F /* Runner.cpp in Sources */,
				C9DEADA71E4B7DD400948D3F /* StructureController.cpp in Sources */,
				C918BF0F1E48D5EE0073CE41 /* IntNode.cpp in Sources */,
				C9DEADA21E4B726300948D3F /* IntNodeArray.cpp in Sources */,
			);
			runOnlyForDeploymentPostprocessing = 0;
		};
/* End PBXSourcesBuildPhase section */

/* Begin XCBuildConfiguration section */
		C918BF081E48D40B0073CE41 /* Debug */ = {
			isa = XCBuildConfiguration;
			buildSettings = {
				ALWAYS_SEARCH_USER_PATHS = NO;
				CLANG_ANALYZER_NONNULL = YES;
				CLANG_CXX_LANGUAGE_STANDARD = "gnu++0x";
				CLANG_CXX_LIBRARY = "libc++";
				CLANG_ENABLE_MODULES = YES;
				CLANG_ENABLE_OBJC_ARC = YES;
				CLANG_WARN_BOOL_CONVERSION = YES;
				CLANG_WARN_CONSTANT_CONVERSION = YES;
				CLANG_WARN_DIRECT_OBJC_ISA_USAGE = YES_ERROR;
				CLANG_WARN_DOCUMENTATION_COMMENTS = YES;
				CLANG_WARN_EMPTY_BODY = YES;
				CLANG_WARN_ENUM_CONVERSION = YES;
				CLANG_WARN_INFINITE_RECURSION = YES;
				CLANG_WARN_INT_CONVERSION = YES;
				CLANG_WARN_OBJC_ROOT_CLASS = YES_ERROR;
				CLANG_WARN_SUSPICIOUS_MOVES = YES;
				CLANG_WARN_UNREACHABLE_CODE = YES;
				CLANG_WARN__DUPLICATE_METHOD_MATCH = YES;
				CODE_SIGN_IDENTITY = "-";
				COPY_PHASE_STRIP = NO;
				DEBUG_INFORMATION_FORMAT = dwarf;
				ENABLE_STRICT_OBJC_MSGSEND = YES;
				ENABLE_TESTABILITY = YES;
				GCC_C_LANGUAGE_STANDARD = gnu99;
				GCC_DYNAMIC_NO_PIC = NO;
				GCC_NO_COMMON_BLOCKS = YES;
				GCC_OPTIMIZATION_LEVEL = 0;
				GCC_PREPROCESSOR_DEFINITIONS = (
					"DEBUG=1",
					"$(inherited)",
				);
				GCC_WARN_64_TO_32_BIT_CONVERSION = YES;
				GCC_WARN_ABOUT_RETURN_TYPE = YES_ERROR;
				GCC_WARN_UNDECLARED_SELECTOR = YES;
				GCC_WARN_UNINITIALIZED_AUTOS = YES_AGGRESSIVE;
				GCC_WARN_UNUSED_FUNCTION = YES;
				GCC_WARN_UNUSED_VARIABLE = YES;
				MACOSX_DEPLOYMENT_TARGET = 10.11;
				MTL_ENABLE_DEBUG_INFO = YES;
				ONLY_ACTIVE_ARCH = YES;
				SDKROOT = macosx;
			};
			name = Debug;
		};
		C918BF091E48D40B0073CE41 /* Release */ = {
			isa = XCBuildConfiguration;
			buildSettings = {
				ALWAYS_SEARCH_USER_PATHS = NO;
				CLANG_ANALYZER_NONNULL = YES;
				CLANG_CXX_LANGUAGE_STANDARD = "gnu++0x";
				CLANG_CXX_LIBRARY = "libc++";
				CLANG_ENABLE_MODULES = YES;
				CLANG_ENABLE_OBJC_ARC = YES;
				CLANG_WARN_BOOL_CONVERSION = YES;
				CLANG_WARN_CONSTANT_CONVERSION = YES;
				CLANG_WARN_DIRECT_OBJC_ISA_USAGE = YES_ERROR;
				CLANG_WARN_DOCUMENTATION_COMMENTS = YES;
				CLANG_WARN_EMPTY_BODY = YES;
				CLANG_WARN_ENUM_CONVERSION = YES;
				CLANG_WARN_INFINITE_RECURSION = YES;
				CLANG_WARN_INT_CONVERSION = YES;
				CLANG_WARN_OBJC_ROOT_CLASS = YES_ERROR;
				CLANG_WARN_SUSPICIOUS_MOVES = YES;
				CLANG_WARN_UNREACHABLE_CODE = YES;
				CLANG_WARN__DUPLICATE_METHOD_MATCH = YES;
				CODE_SIGN_IDENTITY = "-";
				COPY_PHASE_STRIP = NO;
				DEBUG_INFORMATION_FORMAT = "dwarf-with-dsym";
				ENABLE_NS_ASSERTIONS = NO;
				ENABLE_STRICT_OBJC_MSGSEND = YES;
				GCC_C_LANGUAGE_STANDARD = gnu99;
				GCC_NO_COMMON_BLOCKS = YES;
				GCC_WARN_64_TO_32_BIT_CONVERSION = YES;
				GCC_WARN_ABOUT_RETURN_TYPE = YES_ERROR;
				GCC_WARN_UNDECLARED_SELECTOR = YES;
				GCC_WARN_UNINITIALIZED_AUTOS = YES_AGGRESSIVE;
				GCC_WARN_UNUSED_FUNCTION = YES;
				GCC_WARN_UNUSED_VARIABLE = YES;
				MACOSX_DEPLOYMENT_TARGET = 10.11;
				MTL_ENABLE_DEBUG_INFO = NO;
				SDKROOT = macosx;
			};
			name = Release;
		};
		C918BF0B1E48D40B0073CE41 /* Debug */ = {
			isa = XCBuildConfiguration;
			buildSettings = {
				PRODUCT_NAME = "$(TARGET_NAME)";
			};
			name = Debug;
		};
		C918BF0C1E48D40B0073CE41 /* Release */ = {
			isa = XCBuildConfiguration;
			buildSettings = {
				PRODUCT_NAME = "$(TARGET_NAME)";
			};
			name = Release;
		};
/* End XCBuildConfiguration section */

/* Begin XCConfigurationList section */
		C918BEFE1E48D40B0073CE41 /* Build configuration list for PBXProject "MegaProject" */ = {
			isa = XCConfigurationList;
			buildConfigurations = (
				C918BF081E48D40B0073CE41 /* Debug */,
				C918BF091E48D40B0073CE41 /* Release */,
			);
			defaultConfigurationIsVisible = 0;
			defaultConfigurationName = Release;
		};
		C918BF0A1E48D40B0073CE41 /* Build configuration list for PBXNativeTarget "MegaProject" */ = {
			isa = XCConfigurationList;
			buildConfigurations = (
				C918BF0B1E48D40B0073CE41 /* Debug */,
				C918BF0C1E48D40B0073CE41 /* Release */,
			);
			defaultConfigurationIsVisible = 0;
			defaultConfigurationName = Release;
		};
/* End XCConfigurationList section */
	};
	rootObject = C918BEFB1E48D40B0073CE41 /* Project object */;
}
