// !$*UTF8*$!
{
	archiveVersion = 1;
	classes = {
	};
	objectVersion = 46;
	objects = {

/* Begin PBXBuildFile section */
		C918BF0F1E48D5EE0073CE41 /* IntNode.cpp in Sources */ = {isa = PBXBuildFile; fileRef = C918BF0D1E48D5EE0073CE41 /* IntNode.cpp */; };
		C969A6BB1E54B941000620C8 /* Timer.cpp in Sources */ = {isa = PBXBuildFile; fileRef = C969A6B91E54B941000620C8 /* Timer.cpp */; };
		C9A8E3DF1E8BF729005655D9 /* FileController.cpp in Sources */ = {isa = PBXBuildFile; fileRef = C9A8E3DA1E8BF729005655D9 /* FileController.cpp */; };
		C9A8E3E01E8BF729005655D9 /* Runner.cpp in Sources */ = {isa = PBXBuildFile; fileRef = C9A8E3DC1E8BF729005655D9 /* Runner.cpp */; };
		C9A8E3E11E8BF729005655D9 /* StructureController.cpp in Sources */ = {isa = PBXBuildFile; fileRef = C9A8E3DD1E8BF729005655D9 /* StructureController.cpp */; };
		C9A8E3E61E8C11AD005655D9 /* CrimeData.cpp in Sources */ = {isa = PBXBuildFile; fileRef = C9A8E3E31E8BF820005655D9 /* CrimeData.cpp */; };
		C9DEADA21E4B726300948D3F /* IntNodeArray.cpp in Sources */ = {isa = PBXBuildFile; fileRef = C9DEADA01E4B726300948D3F /* IntNodeArray.cpp */; };
		C9F63EE81E76DA4C0025AC7C /* Meme.cpp in Sources */ = {isa = PBXBuildFile; fileRef = C9F63EE61E76DA4C0025AC7C /* Meme.cpp */; };
/* End PBXBuildFile section */

/* Begin PBXCopyFilesBuildPhase section */
		C918BF011E48D40B0073CE41 /* CopyFiles */ = {
			isa = PBXCopyFilesBuildPhase;
			buildActionMask = 2147483647;
			dstPath = /usr/share/man/man1/;
			dstSubfolderSpec = 0;
			files = (
			);
			runOnlyForDeploymentPostprocessing = 1;
		};
/* End PBXCopyFilesBuildPhase section */

/* Begin PBXFileReference section */
		C900DC641E5CA3EA0059E135 /* List.hpp */ = {isa = PBXFileReference; lastKnownFileType = sourcecode.cpp.h; name = List.hpp; path = Model/List.hpp; sourceTree = "<group>"; };
		C918BF031E48D40B0073CE41 /* MegaProject */ = {isa = PBXFileReference; explicitFileType = "compiled.mach-o.executable"; includeInIndex = 0; path = MegaProject; sourceTree = BUILT_PRODUCTS_DIR; };
		C918BF0D1E48D5EE0073CE41 /* IntNode.cpp */ = {isa = PBXFileReference; fileEncoding = 4; lastKnownFileType = sourcecode.cpp.cpp; name = IntNode.cpp; path = Model/IntNode.cpp; sourceTree = "<group>"; };
		C918BF0E1E48D5EE0073CE41 /* IntNode.hpp */ = {isa = PBXFileReference; fileEncoding = 4; lastKnownFileType = sourcecode.cpp.h; name = IntNode.hpp; path = Model/IntNode.hpp; sourceTree = "<group>"; };
		C91BFC8F1EA7B18100E789E8 /* AVLTree.hpp */ = {isa = PBXFileReference; lastKnownFileType = sourcecode.cpp.h; name = AVLTree.hpp; path = Model/AVLTree.hpp; sourceTree = "<group>"; };
		C92F77B61E69C92800890093 /* DoubleList.hpp */ = {isa = PBXFileReference; lastKnownFileType = sourcecode.cpp.h; name = DoubleList.hpp; path = Model/DoubleList.hpp; sourceTree = "<group>"; };
		C92F77B71E69C95900890093 /* CircularList.hpp */ = {isa = PBXFileReference; lastKnownFileType = sourcecode.cpp.h; name = CircularList.hpp; path = Model/CircularList.hpp; sourceTree = "<group>"; };
		C9656A8D1E648DE80040CDAE /* BiDirectionalNode.hpp */ = {isa = PBXFileReference; lastKnownFileType = sourcecode.cpp.h; name = BiDirectionalNode.hpp; path = Model/BiDirectionalNode.hpp; sourceTree = "<group>"; };
		C969A6B21E54B296000620C8 /* Array.hpp */ = {isa = PBXFileReference; lastKnownFileType = sourcecode.cpp.h; name = Array.hpp; path = Model/Array.hpp; sourceTree = "<group>"; };
		C969A6B91E54B941000620C8 /* Timer.cpp */ = {isa = PBXFileReference; fileEncoding = 4; lastKnownFileType = sourcecode.cpp.cpp; name = Timer.cpp; path = "../../Second C++ Project/Second C++ Project/Model/Timer.cpp"; sourceTree = "<group>"; };
		C969A6BA1E54B941000620C8 /* Timer.hpp */ = {isa = PBXFileReference; fileEncoding = 4; lastKnownFileType = sourcecode.cpp.h; name = Timer.hpp; path = "../../Second C++ Project/Second C++ Project/Model/Timer.hpp"; sourceTree = "<group>"; };
		C9A8E3DA1E8BF729005655D9 /* FileController.cpp */ = {isa = PBXFileReference; fileEncoding = 4; lastKnownFileType = sourcecode.cpp.cpp; name = FileController.cpp; path = Controller/FileController.cpp; sourceTree = "<group>"; };
		C9A8E3DB1E8BF729005655D9 /* FileController.hpp */ = {isa = PBXFileReference; fileEncoding = 4; lastKnownFileType = sourcecode.cpp.h; name = FileController.hpp; path = Controller/FileController.hpp; sourceTree = "<group>"; };
		C9A8E3DC1E8BF729005655D9 /* Runner.cpp */ = {isa = PBXFileReference; fileEncoding = 4; lastKnownFileType = sourcecode.cpp.cpp; name = Runner.cpp; path = Controller/Runner.cpp; sourceTree = "<group>"; };
		C9A8E3DD1E8BF729005655D9 /* StructureController.cpp */ = {isa = PBXFileReference; fileEncoding = 4; lastKnownFileType = sourcecode.cpp.cpp; name = StructureController.cpp; path = Controller/StructureController.cpp; sourceTree = "<group>"; };
		C9A8E3DE1E8BF729005655D9 /* StructureController.hpp */ = {isa = PBXFileReference; fileEncoding = 4; lastKnownFileType = sourcecode.cpp.h; name = StructureController.hpp; path = Controller/StructureController.hpp; sourceTree = "<group>"; };
		C9A8E3E31E8BF820005655D9 /* CrimeData.cpp */ = {isa = PBXFileReference; fileEncoding = 4; lastKnownFileType = sourcecode.cpp.cpp; name = CrimeData.cpp; path = Model/CrimeData.cpp; sourceTree = "<group>"; };
		C9A8E3E41E8BF820005655D9 /* CrimeData.hpp */ = {isa = PBXFileReference; fileEncoding = 4; lastKnownFileType = sourcecode.cpp.h; name = CrimeData.hpp; path = Model/CrimeData.hpp; sourceTree = "<group>"; };
		C9CDC74B1E67285800FB9F45 /* DoublyLinkedList.hpp */ = {isa = PBXFileReference; lastKnownFileType = sourcecode.cpp.h; name = DoublyLinkedList.hpp; path = Model/DoublyLinkedList.hpp; sourceTree = "<group>"; };
		C9CDC74C1E672E5900FB9F45 /* Stack.hpp */ = {isa = PBXFileReference; lastKnownFileType = sourcecode.cpp.h; name = Stack.hpp; path = Model/Stack.hpp; sourceTree = "<group>"; };
		C9CDC74D1E672F0300FB9F45 /* Queue.hpp */ = {isa = PBXFileReference; lastKnownFileType = sourcecode.cpp.h; name = Queue.hpp; path = Model/Queue.hpp; sourceTree = "<group>"; };
		C9DEADA01E4B726300948D3F /* IntNodeArray.cpp */ = {isa = PBXFileReference; fileEncoding = 4; lastKnownFileType = sourcecode.cpp.cpp; path = IntNodeArray.cpp; sourceTree = "<group>"; };
		C9DEADA11E4B726300948D3F /* IntNodeArray.hpp */ = {isa = PBXFileReference; fileEncoding = 4; lastKnownFileType = sourcecode.cpp.h; path = IntNodeArray.hpp; sourceTree = "<group>"; };
		C9EB3E2B1E5208EF00035A48 /* Node.hpp */ = {isa = PBXFileReference; lastKnownFileType = sourcecode.cpp.h; name = Node.hpp; path = Model/Node.hpp; sourceTree = "<group>"; };
		C9F63EE61E76DA4C0025AC7C /* Meme.cpp */ = {isa = PBXFileReference; fileEncoding = 4; lastKnownFileType = sourcecode.cpp.cpp; name = Meme.cpp; path = Model/Meme.cpp; sourceTree = "<group>"; };
		C9F63EE71E76DA4C0025AC7C /* Meme.hpp */ = {isa = PBXFileReference; fileEncoding = 4; lastKnownFileType = sourcecode.cpp.h; name = Meme.hpp; path = Model/Meme.hpp; sourceTree = "<group>"; };
		C9FFE9CF1E9D1EB400CC1C86 /* BinarySearchTreeNode.hpp */ = {isa = PBXFileReference; lastKnownFileType = sourcecode.cpp.h; name = BinarySearchTreeNode.hpp; path = Model/BinarySearchTreeNode.hpp; sourceTree = "<group>"; };
		C9FFE9D01E9D251100CC1C86 /* Tree.hpp */ = {isa = PBXFileReference; lastKnownFileType = sourcecode.cpp.h; name = Tree.hpp; path = Model/Tree.hpp; sourceTree = "<group>"; };
		C9FFE9D11E9D2A9200CC1C86 /* BinarySearchTree.h */ = {isa = PBXFileReference; lastKnownFileType = sourcecode.c.h; name = BinarySearchTree.h; path = Model/BinarySearchTree.h; sourceTree = "<group>"; };
/* End PBXFileReference section */

/* Begin PBXFrameworksBuildPhase section */
		C918BF001E48D40B0073CE41 /* Frameworks */ = {
			isa = PBXFrameworksBuildPhase;
			buildActionMask = 2147483647;
			files = (
			);
			runOnlyForDeploymentPostprocessing = 0;
		};
/* End PBXFrameworksBuildPhase section */

/* Begin PBXGroup section */
		C918BEFA1E48D40B0073CE41 = {
			isa = PBXGroup;
			children = (
				C918BF051E48D40B0073CE41 /* MegaProject */,
			);
			sourceTree = "<group>";
		};
		C918BF041E48D40B0073CE41 /* Products */ = {
			isa = PBXGroup;
			children = (
				C918BF031E48D40B0073CE41 /* MegaProject */,
			);
			name = Products;
			path = ..;
			sourceTree = "<group>";
		};
		C918BF051E48D40B0073CE41 /* MegaProject */ = {
			isa = PBXGroup;
			children = (
				C918BF111E48D6320073CE41 /* Controller */,
				C918BF101E48D62D0073CE41 /* Model */,
			);
			path = MegaProject;
			sourceTree = "<group>";
		};
		C918BF101E48D62D0073CE41 /* Model */ = {
			isa = PBXGroup;
			children = (
				C91BFC8F1EA7B18100E789E8 /* AVLTree.hpp */,
				C9FFE9D11E9D2A9200CC1C86 /* BinarySearchTree.h */,
				C9FFE9CF1E9D1EB400CC1C86 /* BinarySearchTreeNode.hpp */,
				C9A8E3E41E8BF820005655D9 /* CrimeData.hpp */,
				C9A8E3E31E8BF820005655D9 /* CrimeData.cpp */,
				C969A6B21E54B296000620C8 /* Array.hpp */,
				C9656A8D1E648DE80040CDAE /* BiDirectionalNode.hpp */,
				C9CDC74B1E67285800FB9F45 /* DoublyLinkedList.hpp */,
				C9F63EE61E76DA4C0025AC7C /* Meme.cpp */,
				C9F63EE71E76DA4C0025AC7C /* Meme.hpp */,
				C9FFE9D01E9D251100CC1C86 /* Tree.hpp */,
				C92F77B51E69C8FB00890093 /* Inherits From DoublyLinked */,
				C918BF0D1E48D5EE0073CE41 /* IntNode.cpp */,
				C918BF0E1E48D5EE0073CE41 /* IntNode.hpp */,
				C9DEADA01E4B726300948D3F /* IntNodeArray.cpp */,
				C9DEADA11E4B726300948D3F /* IntNodeArray.hpp */,
				C900DC641E5CA3EA0059E135 /* List.hpp */,
				C9EB3E2B1E5208EF00035A48 /* Node.hpp */,
				C969A6B91E54B941000620C8 /* Timer.cpp */,
				C969A6BA1E54B941000620C8 /* Timer.hpp */,
				C918BF041E48D40B0073CE41 /* Products */,
			);
			name = Model;
			sourceTree = "<group>";
		};
		C918BF111E48D6320073CE41 /* Controller */ = {
			isa = PBXGroup;
			children = (
				C9A8E3DA1E8BF729005655D9 /* FileController.cpp */,
				C9A8E3DB1E8BF729005655D9 /* FileController.hpp */,
				C9A8E3DC1E8BF729005655D9 /* Runner.cpp */,
				C9A8E3DD1E8BF729005655D9 /* StructureController.cpp */,
				C9A8E3DE1E8BF729005655D9 /* StructureController.hpp */,
			);
			name = Controller;
			sourceTree = "<group>";
		};
		C92F77B51E69C8FB00890093 /* Inherits From DoublyLinked */ = {
			isa = PBXGroup;
			children = (
				C92F77B71E69C95900890093 /* CircularList.hpp */,
				C92F77B61E69C92800890093 /* DoubleList.hpp */,
				C9CDC74C1E672E5900FB9F45 /* Stack.hpp */,
				C9CDC74D1E672F0300FB9F45 /* Queue.hpp */,
			);
			name = "Inherits From DoublyLinked";
			sourceTree = "<group>";
		};
/* End PBXGroup section */

/* Begin PBXNativeTarget section */
		C918BF021E48D40B0073CE41 /* MegaProject */ = {
			isa = PBXNativeTarget;
			buildConfigurationList = C918BF0A1E48D40B0073CE41 /* Build configuration list for PBXNativeTarget "MegaProject" */;
			buildPhases = (
				C918BEFF1E48D40B0073CE41 /* Sources */,
				C918BF001E48D40B0073CE41 /* Frameworks */,
				C918BF011E48D40B0073CE41 /* CopyFiles */,
			);
			buildRules = (
			);
			dependencies = (
			);
			name = MegaProject;
			productName = MegaProject;
			productReference = C918BF031E48D40B0073CE41 /* MegaProject */;
			productType = "com.apple.product-type.tool";
		};
/* End PBXNativeTarget section */

/* Begin PBXProject section */
		C918BEFB1E48D40B0073CE41 /* Project object */ = {
			isa = PBXProject;
			attributes = {
				LastUpgradeCheck = 0810;
				ORGANIZATIONNAME = "Moffat, Braeden";
				TargetAttributes = {
					C918BF021E48D40B0073CE41 = {
						CreatedOnToolsVersion = 8.1;
						ProvisioningStyle = Automatic;
					};
				};
			};
			buildConfigurationList = C918BEFE1E48D40B0073CE41 /* Build configuration list for PBXProject "MegaProject" */;
			compatibilityVersion = "Xcode 3.2";
			developmentRegion = English;
			hasScannedForEncodings = 0;
			knownRegions = (
				en,
			);
			mainGroup = C918BEFA1E48D40B0073CE41;
			productRefGroup = C918BF041E48D40B0073CE41 /* Products */;
			projectDirPath = "";
			projectRoot = "";
			targets = (
				C918BF021E48D40B0073CE41 /* MegaProject */,
			);
		};
/* End PBXProject section */

/* Begin PBXSourcesBuildPhase section */
		C918BEFF1E48D40B0073CE41 /* Sources */ = {
			isa = PBXSourcesBuildPhase;
			buildActionMask = 2147483647;
			files = (
				C9A8E3E61E8C11AD005655D9 /* CrimeData.cpp in Sources */,
				C918BF0F1E48D5EE0073CE41 /* IntNode.cpp in Sources */,
				C9A8E3E01E8BF729005655D9 /* Runner.cpp in Sources */,
				C969A6BB1E54B941000620C8 /* Timer.cpp in Sources */,
				C9F63EE81E76DA4C0025AC7C /* Meme.cpp in Sources */,
				C9A8E3E11E8BF729005655D9 /* StructureController.cpp in Sources */,
				C9DEADA21E4B726300948D3F /* IntNodeArray.cpp in Sources */,
				C9A8E3DF1E8BF729005655D9 /* FileController.cpp in Sources */,
			);
			runOnlyForDeploymentPostprocessing = 0;
		};
/* End PBXSourcesBuildPhase section */

/* Begin XCBuildConfiguration section */
		C918BF081E48D40B0073CE41 /* Debug */ = {
			isa = XCBuildConfiguration;
			buildSettings = {
				ALWAYS_SEARCH_USER_PATHS = NO;
				CLANG_ANALYZER_NONNULL = YES;
				CLANG_CXX_LANGUAGE_STANDARD = "gnu++0x";
				CLANG_CXX_LIBRARY = "libc++";
				CLANG_ENABLE_MODULES = YES;
				CLANG_ENABLE_OBJC_ARC = YES;
				CLANG_WARN_BOOL_CONVERSION = YES;
				CLANG_WARN_CONSTANT_CONVERSION = YES;
				CLANG_WARN_DIRECT_OBJC_ISA_USAGE = YES_ERROR;
				CLANG_WARN_DOCUMENTATION_COMMENTS = YES;
				CLANG_WARN_EMPTY_BODY = YES;
				CLANG_WARN_ENUM_CONVERSION = YES;
				CLANG_WARN_INFINITE_RECURSION = YES;
				CLANG_WARN_INT_CONVERSION = YES;
				CLANG_WARN_OBJC_ROOT_CLASS = YES_ERROR;
				CLANG_WARN_SUSPICIOUS_MOVES = YES;
				CLANG_WARN_UNREACHABLE_CODE = YES;
				CLANG_WARN__DUPLICATE_METHOD_MATCH = YES;
				CODE_SIGN_IDENTITY = "-";
				COPY_PHASE_STRIP = NO;
				DEBUG_INFORMATION_FORMAT = dwarf;
				ENABLE_STRICT_OBJC_MSGSEND = YES;
				ENABLE_TESTABILITY = YES;
				GCC_C_LANGUAGE_STANDARD = gnu99;
				GCC_DYNAMIC_NO_PIC = NO;
				GCC_NO_COMMON_BLOCKS = YES;
				GCC_OPTIMIZATION_LEVEL = 0;
				GCC_PREPROCESSOR_DEFINITIONS = (
					"DEBUG=1",
					"$(inherited)",
				);
				GCC_WARN_64_TO_32_BIT_CONVERSION = YES;
				GCC_WARN_ABOUT_RETURN_TYPE = YES_ERROR;
				GCC_WARN_UNDECLARED_SELECTOR = YES;
				GCC_WARN_UNINITIALIZED_AUTOS = YES_AGGRESSIVE;
				GCC_WARN_UNUSED_FUNCTION = YES;
				GCC_WARN_UNUSED_VARIABLE = YES;
				MACOSX_DEPLOYMENT_TARGET = 10.11;
				MTL_ENABLE_DEBUG_INFO = YES;
				ONLY_ACTIVE_ARCH = YES;
				SDKROOT = macosx;
			};
			name = Debug;
		};
		C918BF091E48D40B0073CE41 /* Release */ = {
			isa = XCBuildConfiguration;
			buildSettings = {
				ALWAYS_SEARCH_USER_PATHS = NO;
				CLANG_ANALYZER_NONNULL = YES;
				CLANG_CXX_LANGUAGE_STANDARD = "gnu++0x";
				CLANG_CXX_LIBRARY = "libc++";
				CLANG_ENABLE_MODULES = YES;
				CLANG_ENABLE_OBJC_ARC = YES;
				CLANG_WARN_BOOL_CONVERSION = YES;
				CLANG_WARN_CONSTANT_CONVERSION = YES;
				CLANG_WARN_DIRECT_OBJC_ISA_USAGE = YES_ERROR;
				CLANG_WARN_DOCUMENTATION_COMMENTS = YES;
				CLANG_WARN_EMPTY_BODY = YES;
				CLANG_WARN_ENUM_CONVERSION = YES;
				CLANG_WARN_INFINITE_RECURSION = YES;
				CLANG_WARN_INT_CONVERSION = YES;
				CLANG_WARN_OBJC_ROOT_CLASS = YES_ERROR;
				CLANG_WARN_SUSPICIOUS_MOVES = YES;
				CLANG_WARN_UNREACHABLE_CODE = YES;
				CLANG_WARN__DUPLICATE_METHOD_MATCH = YES;
				CODE_SIGN_IDENTITY = "-";
				COPY_PHASE_STRIP = NO;
				DEBUG_INFORMATION_FORMAT = "dwarf-with-dsym";
				ENABLE_NS_ASSERTIONS = NO;
				ENABLE_STRICT_OBJC_MSGSEND = YES;
				GCC_C_LANGUAGE_STANDARD = gnu99;
				GCC_NO_COMMON_BLOCKS = YES;
				GCC_WARN_64_TO_32_BIT_CONVERSION = YES;
				GCC_WARN_ABOUT_RETURN_TYPE = YES_ERROR;
				GCC_WARN_UNDECLARED_SELECTOR = YES;
				GCC_WARN_UNINITIALIZED_AUTOS = YES_AGGRESSIVE;
				GCC_WARN_UNUSED_FUNCTION = YES;
				GCC_WARN_UNUSED_VARIABLE = YES;
				MACOSX_DEPLOYMENT_TARGET = 10.11;
				MTL_ENABLE_DEBUG_INFO = NO;
				SDKROOT = macosx;
			};
			name = Release;
		};
		C918BF0B1E48D40B0073CE41 /* Debug */ = {
			isa = XCBuildConfiguration;
			buildSettings = {
				PRODUCT_NAME = "$(TARGET_NAME)";
			};
			name = Debug;
		};
		C918BF0C1E48D40B0073CE41 /* Release */ = {
			isa = XCBuildConfiguration;
			buildSettings = {
				PRODUCT_NAME = "$(TARGET_NAME)";
			};
			name = Release;
		};
/* End XCBuildConfiguration section */

/* Begin XCConfigurationList section */
		C918BEFE1E48D40B0073CE41 /* Build configuration list for PBXProject "MegaProject" */ = {
			isa = XCConfigurationList;
			buildConfigurations = (
				C918BF081E48D40B0073CE41 /* Debug */,
				C918BF091E48D40B0073CE41 /* Release */,
			);
			defaultConfigurationIsVisible = 0;
			defaultConfigurationName = Release;
		};
		C918BF0A1E48D40B0073CE41 /* Build configuration list for PBXNativeTarget "MegaProject" */ = {
			isa = XCConfigurationList;
			buildConfigurations = (
				C918BF0B1E48D40B0073CE41 /* Debug */,
				C918BF0C1E48D40B0073CE41 /* Release */,
			);
			defaultConfigurationIsVisible = 0;
			defaultConfigurationName = Release;
		};
/* End XCConfigurationList section */
	};
	rootObject = C918BEFB1E48D40B0073CE41 /* Project object */;
}
